{
  "name": "ts-issue",
  "lockfileVersion": 2,
  "requires": true,
  "packages": {
    "": {
      "name": "ts-issue",
      "dependencies": {
        "typescript": "^4.7.0-beta"
      }
    },
    "node_modules/typescript": {
      "version": "4.7.0-dev.20220416",
      "resolved": "https://registry.npmjs.org/typescript/-/typescript-4.7.0-dev.20220416.tgz",
      "integrity": "sha512-kLTJ+78UAvgU/f8S7EjoS5OiFP5MVcaRsO96jNXqKYnv5gT8398adbgll2EWf9w4ANDWJUo8JJwx+rKqRpTubQ==",
      "bin": {
        "tsc": "bin/tsc",
        "tsserver": "bin/tsserver"
      },
      "engines": {
        "node": ">=4.2.0"
      }
    }
  },
  "dependencies": {
    "typescript": {
      "version": "4.7.0-dev.20220416",
      "resolved": "https://registry.npmjs.org/typescript/-/typescript-4.7.0-dev.20220416.tgz",
      "integrity": "sha512-kLTJ+78UAvgU/f8S7EjoS5OiFP5MVcaRsO96jNXqKYnv5gT8398adbgll2EWf9w4ANDWJUo8JJwx+rKqRpTubQ=="
    }
  }
}
